
Microsoft Visual Studio Solution File, Format Version 12.00
# Visual Studio Version 16
VisualStudioVersion = 16.0.30225.117
MinimumVisualStudioVersion = 10.0.40219.1
Project("{FAE04EC0-301F-11D3-BF4B-00C04F79EFBC}") = "Calculator", "Calculator\Calculator.csproj", "{427B6188-EA85-41CB-9102-F44B9D72C8E7}"
EndProject
Global
	GlobalSection(SolutionConfigurationPlatforms) = preSolution
		Debug|Any CPU = Debug|Any CPU
		Release|Any CPU = Release|Any CPU
	EndGlobalSection
	GlobalSection(ProjectConfigurationPlatforms) = postSolution
		{427B6188-EA85-41CB-9102-F44B9D72C8E7}.Debug|Any CPU.ActiveCfg = Debug|Any CPU
		{427B6188-EA85-41CB-9102-F44B9D72C8E7}.Debug|Any CPU.Build.0 = Debug|Any CPU
		{427B6188-EA85-41CB-9102-F44B9D72C8E7}.Release|Any CPU.ActiveCfg = Release|Any CPU
		{427B6188-EA85-41CB-9102-F44B9D72C8E7}.Release|Any CPU.Build.0 = Release|Any CPU
	EndGlobalSection
	GlobalSection(SolutionProperties) = preSolution
		HideSolutionNode = FALSE
	EndGlobalSection
	GlobalSection(ExtensibilityGlobals) = postSolution
		SolutionGuid = {E4D5C5CB-084A-4071-80C8-15895185D8C9}
	EndGlobalSection
EndGlobal
